// !$*UTF8*$!
{
	archiveVersion = 1;
	classes = {
	};
	objectVersion = 55;
	objects = {

/* Begin PBXBuildFile section */
		5CEC477F276369D900A3B860 /* Tests_iOS.swift in Sources */ = {isa = PBXBuildFile; fileRef = 5CEC477E276369D900A3B860 /* Tests_iOS.swift */; };
		5CEC4781276369D900A3B860 /* Tests_iOSLaunchTests.swift in Sources */ = {isa = PBXBuildFile; fileRef = 5CEC4780276369D900A3B860 /* Tests_iOSLaunchTests.swift */; };
		5CEC478B276369DA00A3B860 /* Tests_macOS.swift in Sources */ = {isa = PBXBuildFile; fileRef = 5CEC478A276369DA00A3B860 /* Tests_macOS.swift */; };
		5CEC478D276369DA00A3B860 /* Tests_macOSLaunchTests.swift in Sources */ = {isa = PBXBuildFile; fileRef = 5CEC478C276369DA00A3B860 /* Tests_macOSLaunchTests.swift */; };
		5CEC478E276369DA00A3B860 /* playgroundApp.swift in Sources */ = {isa = PBXBuildFile; fileRef = 5CEC4766276369D400A3B860 /* playgroundApp.swift */; };
		5CEC478F276369DA00A3B860 /* playgroundApp.swift in Sources */ = {isa = PBXBuildFile; fileRef = 5CEC4766276369D400A3B860 /* playgroundApp.swift */; };
		5CEC4790276369DA00A3B860 /* ContentView.swift in Sources */ = {isa = PBXBuildFile; fileRef = 5CEC4767276369D400A3B860 /* ContentView.swift */; };
		5CEC4791276369DA00A3B860 /* ContentView.swift in Sources */ = {isa = PBXBuildFile; fileRef = 5CEC4767276369D400A3B860 /* ContentView.swift */; };
		5CEC4792276369DA00A3B860 /* Assets.xcassets in Resources */ = {isa = PBXBuildFile; fileRef = 5CEC4768276369D900A3B860 /* Assets.xcassets */; };
		5CEC4793276369DA00A3B860 /* Assets.xcassets in Resources */ = {isa = PBXBuildFile; fileRef = 5CEC4768276369D900A3B860 /* Assets.xcassets */; };
/* End PBXBuildFile section */

/* Begin PBXContainerItemProxy section */
		5CEC477B276369D900A3B860 /* PBXContainerItemProxy */ = {
			isa = PBXContainerItemProxy;
			containerPortal = 5CEC4761276369D400A3B860 /* Project object */;
			proxyType = 1;
			remoteGlobalIDString = 5CEC476C276369D900A3B860;
			remoteInfo = "playground (iOS)";
		};
		5CEC4787276369DA00A3B860 /* PBXContainerItemProxy */ = {
			isa = PBXContainerItemProxy;
			containerPortal = 5CEC4761276369D400A3B860 /* Project object */;
			proxyType = 1;
			remoteGlobalIDString = 5CEC4772276369D900A3B860;
			remoteInfo = "playground (macOS)";
		};
/* End PBXContainerItemProxy section */

/* Begin PBXFileReference section */
		5CEC4766276369D400A3B860 /* playgroundApp.swift */ = {isa = PBXFileReference; lastKnownFileType = sourcecode.swift; path = playgroundApp.swift; sourceTree = "<group>"; };
		5CEC4767276369D400A3B860 /* ContentView.swift */ = {isa = PBXFileReference; lastKnownFileType = sourcecode.swift; path = ContentView.swift; sourceTree = "<group>"; };
		5CEC4768276369D900A3B860 /* Assets.xcassets */ = {isa = PBXFileReference; lastKnownFileType = folder.assetcatalog; path = Assets.xcassets; sourceTree = "<group>"; };
		5CEC476D276369D900A3B860 /* playground.app */ = {isa = PBXFileReference; explicitFileType = wrapper.application; includeInIndex = 0; path = playground.app; sourceTree = BUILT_PRODUCTS_DIR; };
		5CEC4773276369D900A3B860 /* playground.app */ = {isa = PBXFileReference; explicitFileType = wrapper.application; includeInIndex = 0; path = playground.app; sourceTree = BUILT_PRODUCTS_DIR; };
		5CEC4775276369D900A3B860 /* macOS.entitlements */ = {isa = PBXFileReference; lastKnownFileType = text.plist.entitlements; path = macOS.entitlements; sourceTree = "<group>"; };
		5CEC477A276369D900A3B860 /* Tests iOS.xctest */ = {isa = PBXFileReference; explicitFileType = wrapper.cfbundle; includeInIndex = 0; path = "Tests iOS.xctest"; sourceTree = BUILT_PRODUCTS_DIR; };
		5CEC477E276369D900A3B860 /* Tests_iOS.swift */ = {isa = PBXFileReference; lastKnownFileType = sourcecode.swift; path = Tests_iOS.swift; sourceTree = "<group>"; };
		5CEC4780276369D900A3B860 /* Tests_iOSLaunchTests.swift */ = {isa = PBXFileReference; lastKnownFileType = sourcecode.swift; path = Tests_iOSLaunchTests.swift; sourceTree = "<group>"; };
		5CEC4786276369DA00A3B860 /* Tests macOS.xctest */ = {isa = PBXFileReference; explicitFileType = wrapper.cfbundle; includeInIndex = 0; path = "Tests macOS.xctest"; sourceTree = BUILT_PRODUCTS_DIR; };
		5CEC478A276369DA00A3B860 /* Tests_macOS.swift */ = {isa = PBXFileReference; lastKnownFileType = sourcecode.swift; path = Tests_macOS.swift; sourceTree = "<group>"; };
		5CEC478C276369DA00A3B860 /* Tests_macOSLaunchTests.swift */ = {isa = PBXFileReference; lastKnownFileType = sourcecode.swift; path = Tests_macOSLaunchTests.swift; sourceTree = "<group>"; };
/* End PBXFileReference section */

/* Begin PBXFrameworksBuildPhase section */
		5CEC476A276369D900A3B860 /* Frameworks */ = {
			isa = PBXFrameworksBuildPhase;
			buildActionMask = 2147483647;
			files = (
			);
			runOnlyForDeploymentPostprocessing = 0;
		};
		5CEC4770276369D900A3B860 /* Frameworks */ = {
			isa = PBXFrameworksBuildPhase;
			buildActionMask = 2147483647;
			files = (
			);
			runOnlyForDeploymentPostprocessing = 0;
		};
		5CEC4777276369D900A3B860 /* Frameworks */ = {
			isa = PBXFrameworksBuildPhase;
			buildActionMask = 2147483647;
			files = (
			);
			runOnlyForDeploymentPostprocessing = 0;
		};
		5CEC4783276369DA00A3B860 /* Frameworks */ = {
			isa = PBXFrameworksBuildPhase;
			buildActionMask = 2147483647;
			files = (
			);
			runOnlyForDeploymentPostprocessing = 0;
		};
/* End PBXFrameworksBuildPhase section */

/* Begin PBXGroup section */
		5CEC4760276369D400A3B860 = {
			isa = PBXGroup;
			children = (
				5CEC4765276369D400A3B860 /* Shared */,
				5CEC4774276369D900A3B860 /* macOS */,
				5CEC477D276369D900A3B860 /* Tests iOS */,
				5CEC4789276369DA00A3B860 /* Tests macOS */,
				5CEC476E276369D900A3B860 /* Products */,
			);
			sourceTree = "<group>";
		};
		5CEC4765276369D400A3B860 /* Shared */ = {
			isa = PBXGroup;
			children = (
				5CEC4766276369D400A3B860 /* playgroundApp.swift */,
				5CEC4767276369D400A3B860 /* ContentView.swift */,
				5CEC4768276369D900A3B860 /* Assets.xcassets */,
			);
			path = Shared;
			sourceTree = "<group>";
		};
		5CEC476E276369D900A3B860 /* Products */ = {
			isa = PBXGroup;
			children = (
				5CEC476D276369D900A3B860 /* playground.app */,
				5CEC4773276369D900A3B860 /* playground.app */,
				5CEC477A276369D900A3B860 /* Tests iOS.xctest */,
				5CEC4786276369DA00A3B860 /* Tests macOS.xctest */,
			);
			name = Products;
			sourceTree = "<group>";
		};
		5CEC4774276369D900A3B860 /* macOS */ = {
			isa = PBXGroup;
			children = (
				5CEC4775276369D900A3B860 /* macOS.entitlements */,
			);
			path = macOS;
			sourceTree = "<group>";
		};
		5CEC477D276369D900A3B860 /* Tests iOS */ = {
			isa = PBXGroup;
			children = (
				5CEC477E276369D900A3B860 /* Tests_iOS.swift */,
				5CEC4780276369D900A3B860 /* Tests_iOSLaunchTests.swift */,
			);
			path = "Tests iOS";
			sourceTree = "<group>";
		};
		5CEC4789276369DA00A3B860 /* Tests macOS */ = {
			isa = PBXGroup;
			children = (
				5CEC478A276369DA00A3B860 /* Tests_macOS.swift */,
				5CEC478C276369DA00A3B860 /* Tests_macOSLaunchTests.swift */,
			);
			path = "Tests macOS";
			sourceTree = "<group>";
		};
/* End PBXGroup section */

/* Begin PBXNativeTarget section */
		5CEC476C276369D900A3B860 /* playground (iOS) */ = {
			isa = PBXNativeTarget;
			buildConfigurationList = 5CEC4796276369DA00A3B860 /* Build configuration list for PBXNativeTarget "playground (iOS)" */;
			buildPhases = (
				5CEC4769276369D900A3B860 /* Sources */,
				5CEC476A276369D900A3B860 /* Frameworks */,
				5CEC476B276369D900A3B860 /* Resources */,
			);
			buildRules = (
			);
			dependencies = (
			);
			name = "playground (iOS)";
			productName = "playground (iOS)";
			productReference = 5CEC476D276369D900A3B860 /* playground.app */;
			productType = "com.apple.product-type.application";
		};
		5CEC4772276369D900A3B860 /* playground (macOS) */ = {
			isa = PBXNativeTarget;
			buildConfigurationList = 5CEC4799276369DA00A3B860 /* Build configuration list for PBXNativeTarget "playground (macOS)" */;
			buildPhases = (
				5CEC476F276369D900A3B860 /* Sources */,
				5CEC4770276369D900A3B860 /* Frameworks */,
				5CEC4771276369D900A3B860 /* Resources */,
			);
			buildRules = (
			);
			dependencies = (
			);
			name = "playground (macOS)";
			productName = "playground (macOS)";
			productReference = 5CEC4773276369D900A3B860 /* playground.app */;
			productType = "com.apple.product-type.application";
		};
		5CEC4779276369D900A3B860 /* Tests iOS */ = {
			isa = PBXNativeTarget;
			buildConfigurationList = 5CEC479C276369DA00A3B860 /* Build configuration list for PBXNativeTarget "Tests iOS" */;
			buildPhases = (
				5CEC4776276369D900A3B860 /* Sources */,
				5CEC4777276369D900A3B860 /* Frameworks */,
				5CEC4778276369D900A3B860 /* Resources */,
			);
			buildRules = (
			);
			dependencies = (
				5CEC477C276369D900A3B860 /* PBXTargetDependency */,
			);
			name = "Tests iOS";
			productName = "Tests iOS";
			productReference = 5CEC477A276369D900A3B860 /* Tests iOS.xctest */;
			productType = "com.apple.product-type.bundle.ui-testing";
		};
		5CEC4785276369DA00A3B860 /* Tests macOS */ = {
			isa = PBXNativeTarget;
			buildConfigurationList = 5CEC479F276369DA00A3B860 /* Build configuration list for PBXNativeTarget "Tests macOS" */;
			buildPhases = (
				5CEC4782276369DA00A3B860 /* Sources */,
				5CEC4783276369DA00A3B860 /* Frameworks */,
				5CEC4784276369DA00A3B860 /* Resources */,
			);
			buildRules = (
			);
			dependencies = (
				5CEC4788276369DA00A3B860 /* PBXTargetDependency */,
			);
			name = "Tests macOS";
			productName = "Tests macOS";
			productReference = 5CEC4786276369DA00A3B860 /* Tests macOS.xctest */;
			productType = "com.apple.product-type.bundle.ui-testing";
		};
/* End PBXNativeTarget section */

/* Begin PBXProject section */
		5CEC4761276369D400A3B860 /* Project object */ = {
			isa = PBXProject;
			attributes = {
				BuildIndependentTargetsInParallel = 1;
				LastSwiftUpdateCheck = 1310;
				LastUpgradeCheck = 1310;
				TargetAttributes = {
					5CEC476C276369D900A3B860 = {
						CreatedOnToolsVersion = 13.1;
					};
					5CEC4772276369D900A3B860 = {
						CreatedOnToolsVersion = 13.1;
					};
					5CEC4779276369D900A3B860 = {
						CreatedOnToolsVersion = 13.1;
						TestTargetID = 5CEC476C276369D900A3B860;
					};
					5CEC4785276369DA00A3B860 = {
						CreatedOnToolsVersion = 13.1;
						TestTargetID = 5CEC4772276369D900A3B860;
					};
				};
			};
			buildConfigurationList = 5CEC4764276369D400A3B860 /* Build configuration list for PBXProject "playground" */;
			compatibilityVersion = "Xcode 13.0";
			developmentRegion = en;
			hasScannedForEncodings = 0;
			knownRegions = (
				en,
				Base,
			);
			mainGroup = 5CEC4760276369D400A3B860;
			productRefGroup = 5CEC476E276369D900A3B860 /* Products */;
			projectDirPath = "";
			projectRoot = "";
			targets = (
				5CEC476C276369D900A3B860 /* playground (iOS) */,
				5CEC4772276369D900A3B860 /* playground (macOS) */,
				5CEC4779276369D900A3B860 /* Tests iOS */,
				5CEC4785276369DA00A3B860 /* Tests macOS */,
			);
		};
/* End PBXProject section */

/* Begin PBXResourcesBuildPhase section */
		5CEC476B276369D900A3B860 /* Resources */ = {
			isa = PBXResourcesBuildPhase;
			buildActionMask = 2147483647;
			files = (
				5CEC4792276369DA00A3B860 /* Assets.xcassets in Resources */,
			);
			runOnlyForDeploymentPostprocessing = 0;
		};
		5CEC4771276369D900A3B860 /* Resources */ = {
			isa = PBXResourcesBuildPhase;
			buildActionMask = 2147483647;
			files = (
				5CEC4793276369DA00A3B860 /* Assets.xcassets in Resources */,
			);
			runOnlyForDeploymentPostprocessing = 0;
		};
		5CEC4778276369D900A3B860 /* Resources */ = {
			isa = PBXResourcesBuildPhase;
			buildActionMask = 2147483647;
			files = (
			);
			runOnlyForDeploymentPostprocessing = 0;
		};
		5CEC4784276369DA00A3B860 /* Resources */ = {
			isa = PBXResourcesBuildPhase;
			buildActionMask = 2147483647;
			files = (
			);
			runOnlyForDeploymentPostprocessing = 0;
		};
/* End PBXResourcesBuildPhase section */

/* Begin PBXSourcesBuildPhase section */
		5CEC4769276369D900A3B860 /* Sources */ = {
			isa = PBXSourcesBuildPhase;
			buildActionMask = 2147483647;
			files = (
				5CEC4790276369DA00A3B860 /* ContentView.swift in Sources */,
				5CEC478E276369DA00A3B860 /* playgroundApp.swift in Sources */,
			);
			runOnlyForDeploymentPostprocessing = 0;
		};
		5CEC476F276369D900A3B860 /* Sources */ = {
			isa = PBXSourcesBuildPhase;
			buildActionMask = 2147483647;
			files = (
				5CEC4791276369DA00A3B860 /* ContentView.swift in Sources */,
				5CEC478F276369DA00A3B860 /* playgroundApp.swift in Sources */,
			);
			runOnlyForDeploymentPostprocessing = 0;
		};
		5CEC4776276369D900A3B860 /* Sources */ = {
			isa = PBXSourcesBuildPhase;
			buildActionMask = 2147483647;
			files = (
				5CEC4781276369D900A3B860 /* Tests_iOSLaunchTests.swift in Sources */,
				5CEC477F276369D900A3B860 /* Tests_iOS.swift in Sources */,
			);
			runOnlyForDeploymentPostprocessing = 0;
		};
		5CEC4782276369DA00A3B860 /* Sources */ = {
			isa = PBXSourcesBuildPhase;
			buildActionMask = 2147483647;
			files = (
				5CEC478D276369DA00A3B860 /* Tests_macOSLaunchTests.swift in Sources */,
				5CEC478B276369DA00A3B860 /* Tests_macOS.swift in Sources */,
			);
			runOnlyForDeploymentPostprocessing = 0;
		};
/* End PBXSourcesBuildPhase section */

/* Begin PBXTargetDependency section */
		5CEC477C276369D900A3B860 /* PBXTargetDependency */ = {
			isa = PBXTargetDependency;
			target = 5CEC476C276369D900A3B860 /* playground (iOS) */;
			targetProxy = 5CEC477B276369D900A3B860 /* PBXContainerItemProxy */;
		};
		5CEC4788276369DA00A3B860 /* PBXTargetDependency */ = {
			isa = PBXTargetDependency;
			target = 5CEC4772276369D900A3B860 /* playground (macOS) */;
			targetProxy = 5CEC4787276369DA00A3B860 /* PBXContainerItemProxy */;
		};
/* End PBXTargetDependency section */

/* Begin XCBuildConfiguration section */
		5CEC4794276369DA00A3B860 /* Debug */ = {
			isa = XCBuildConfiguration;
			buildSettings = {
				ALWAYS_SEARCH_USER_PATHS = NO;
				CLANG_ANALYZER_NONNULL = YES;
				CLANG_ANALYZER_NUMBER_OBJECT_CONVERSION = YES_AGGRESSIVE;
				CLANG_CXX_LANGUAGE_STANDARD = "gnu++17";
				CLANG_CXX_LIBRARY = "libc++";
				CLANG_ENABLE_MODULES = YES;
				CLANG_ENABLE_OBJC_ARC = YES;
				CLANG_ENABLE_OBJC_WEAK = YES;
				CLANG_WARN_BLOCK_CAPTURE_AUTORELEASING = YES;
				CLANG_WARN_BOOL_CONVERSION = YES;
				CLANG_WARN_COMMA = YES;
				CLANG_WARN_CONSTANT_CONVERSION = YES;
				CLANG_WARN_DEPRECATED_OBJC_IMPLEMENTATIONS = YES;
				CLANG_WARN_DIRECT_OBJC_ISA_USAGE = YES_ERROR;
				CLANG_WARN_DOCUMENTATION_COMMENTS = YES;
				CLANG_WARN_EMPTY_BODY = YES;
				CLANG_WARN_ENUM_CONVERSION = YES;
				CLANG_WARN_INFINITE_RECURSION = YES;
				CLANG_WARN_INT_CONVERSION = YES;
				CLANG_WARN_NON_LITERAL_NULL_CONVERSION = YES;
				CLANG_WARN_OBJC_IMPLICIT_RETAIN_SELF = YES;
				CLANG_WARN_OBJC_LITERAL_CONVERSION = YES;
				CLANG_WARN_OBJC_ROOT_CLASS = YES_ERROR;
				CLANG_WARN_QUOTED_INCLUDE_IN_FRAMEWORK_HEADER = YES;
				CLANG_WARN_RANGE_LOOP_ANALYSIS = YES;
				CLANG_WARN_STRICT_PROTOTYPES = YES;
				CLANG_WARN_SUSPICIOUS_MOVE = YES;
				CLANG_WARN_UNGUARDED_AVAILABILITY = YES_AGGRESSIVE;
				CLANG_WARN_UNREACHABLE_CODE = YES;
				CLANG_WARN__DUPLICATE_METHOD_MATCH = YES;
				COPY_PHASE_STRIP = NO;
				DEBUG_INFORMATION_FORMAT = dwarf;
				ENABLE_STRICT_OBJC_MSGSEND = YES;
				ENABLE_TESTABILITY = YES;
				GCC_C_LANGUAGE_STANDARD = gnu11;
				GCC_DYNAMIC_NO_PIC = NO;
				GCC_NO_COMMON_BLOCKS = YES;
				GCC_OPTIMIZATION_LEVEL = 0;
				GCC_PREPROCESSOR_DEFINITIONS = (
					"DEBUG=1",
					"$(inherited)",
				);
				GCC_WARN_64_TO_32_BIT_CONVERSION = YES;
				GCC_WARN_ABOUT_RETURN_TYPE = YES_ERROR;
				GCC_WARN_UNDECLARED_SELECTOR = YES;
				GCC_WARN_UNINITIALIZED_AUTOS = YES_AGGRESSIVE;
				GCC_WARN_UNUSED_FUNCTION = YES;
				GCC_WARN_UNUSED_VARIABLE = YES;
				MTL_ENABLE_DEBUG_INFO = INCLUDE_SOURCE;
				MTL_FAST_MATH = YES;
				ONLY_ACTIVE_ARCH = YES;
				SWIFT_ACTIVE_COMPILATION_CONDITIONS = DEBUG;
				SWIFT_OPTIMIZATION_LEVEL = "-Onone";
			};
			name = Debug;
		};
		5CEC4795276369DA00A3B860 /* Release */ = {
			isa = XCBuildConfiguration;
			buildSettings = {
				ALWAYS_SEARCH_USER_PATHS = NO;
				CLANG_ANALYZER_NONNULL = YES;
				CLANG_ANALYZER_NUMBER_OBJECT_CONVERSION = YES_AGGRESSIVE;
				CLANG_CXX_LANGUAGE_STANDARD = "gnu++17";
				CLANG_CXX_LIBRARY = "libc++";
				CLANG_ENABLE_MODULES = YES;
				CLANG_ENABLE_OBJC_ARC = YES;
				CLANG_ENABLE_OBJC_WEAK = YES;
				CLANG_WARN_BLOCK_CAPTURE_AUTORELEASING = YES;
				CLANG_WARN_BOOL_CONVERSION = YES;
				CLANG_WARN_COMMA = YES;
				CLANG_WARN_CONSTANT_CONVERSION = YES;
				CLANG_WARN_DEPRECATED_OBJC_IMPLEMENTATIONS = YES;
				CLANG_WARN_DIRECT_OBJC_ISA_USAGE = YES_ERROR;
				CLANG_WARN_DOCUMENTATION_COMMENTS = YES;
				CLANG_WARN_EMPTY_BODY = YES;
				CLANG_WARN_ENUM_CONVERSION = YES;
				CLANG_WARN_INFINITE_RECURSION = YES;
				CLANG_WARN_INT_CONVERSION = YES;
				CLANG_WARN_NON_LITERAL_NULL_CONVERSION = YES;
				CLANG_WARN_OBJC_IMPLICIT_RETAIN_SELF = YES;
				CLANG_WARN_OBJC_LITERAL_CONVERSION = YES;
				CLANG_WARN_OBJC_ROOT_CLASS = YES_ERROR;
				CLANG_WARN_QUOTED_INCLUDE_IN_FRAMEWORK_HEADER = YES;
				CLANG_WARN_RANGE_LOOP_ANALYSIS = YES;
				CLANG_WARN_STRICT_PROTOTYPES = YES;
				CLANG_WARN_SUSPICIOUS_MOVE = YES;
				CLANG_WARN_UNGUARDED_AVAILABILITY = YES_AGGRESSIVE;
				CLANG_WARN_UNREACHABLE_CODE = YES;
				CLANG_WARN__DUPLICATE_METHOD_MATCH = YES;
				COPY_PHASE_STRIP = NO;
				DEBUG_INFORMATION_FORMAT = "dwarf-with-dsym";
				ENABLE_NS_ASSERTIONS = NO;
				ENABLE_STRICT_OBJC_MSGSEND = YES;
				GCC_C_LANGUAGE_STANDARD = gnu11;
				GCC_NO_COMMON_BLOCKS = YES;
				GCC_WARN_64_TO_32_BIT_CONVERSION = YES;
				GCC_WARN_ABOUT_RETURN_TYPE = YES_ERROR;
				GCC_WARN_UNDECLARED_SELECTOR = YES;
				GCC_WARN_UNINITIALIZED_AUTOS = YES_AGGRESSIVE;
				GCC_WARN_UNUSED_FUNCTION = YES;
				GCC_WARN_UNUSED_VARIABLE = YES;
				MTL_ENABLE_DEBUG_INFO = NO;
				MTL_FAST_MATH = YES;
				SWIFT_COMPILATION_MODE = wholemodule;
				SWIFT_OPTIMIZATION_LEVEL = "-O";
			};
			name = Release;
		};
		5CEC4797276369DA00A3B860 /* Debug */ = {
			isa = XCBuildConfiguration;
			buildSettings = {
				ASSETCATALOG_COMPILER_APPICON_NAME = AppIcon;
				ASSETCATALOG_COMPILER_GLOBAL_ACCENT_COLOR_NAME = AccentColor;
				CODE_SIGN_STYLE = Automatic;
				CURRENT_PROJECT_VERSION = 1;
				ENABLE_PREVIEWS = YES;
				GENERATE_INFOPLIST_FILE = YES;
				INFOPLIST_KEY_UIApplicationSceneManifest_Generation = YES;
				INFOPLIST_KEY_UIApplicationSupportsIndirectInputEvents = YES;
				INFOPLIST_KEY_UILaunchScreen_Generation = YES;
				INFOPLIST_KEY_UISupportedInterfaceOrientations_iPad = "UIInterfaceOrientationPortrait UIInterfaceOrientationPortraitUpsideDown UIInterfaceOrientationLandscapeLeft UIInterfaceOrientationLandscapeRight";
				INFOPLIST_KEY_UISupportedInterfaceOrientations_iPhone = "UIInterfaceOrientationPortrait UIInterfaceOrientationLandscapeLeft UIInterfaceOrientationLandscapeRight";
				IPHONEOS_DEPLOYMENT_TARGET = 15.0;
				LD_RUNPATH_SEARCH_PATHS = (
					"$(inherited)",
					"@executable_path/Frameworks",
				);
				MARKETING_VERSION = 1.0;
				PRODUCT_BUNDLE_IDENTIFIER = "Revel-idea.playground";
				PRODUCT_NAME = playground;
				SDKROOT = iphoneos;
				SWIFT_EMIT_LOC_STRINGS = YES;
				SWIFT_VERSION = 5.0;
				TARGETED_DEVICE_FAMILY = "1,2";
			};
			name = Debug;
		};
		5CEC4798276369DA00A3B860 /* Release */ = {
			isa = XCBuildConfiguration;
			buildSettings = {
				ASSETCATALOG_COMPILER_APPICON_NAME = AppIcon;
				ASSETCATALOG_COMPILER_GLOBAL_ACCENT_COLOR_NAME = AccentColor;
				CODE_SIGN_STYLE = Automatic;
				CURRENT_PROJECT_VERSION = 1;
				ENABLE_PREVIEWS = YES;
				GENERATE_INFOPLIST_FILE = YES;
				INFOPLIST_KEY_UIApplicationSceneManifest_Generation = YES;
				INFOPLIST_KEY_UIApplicationSupportsIndirectInputEvents = YES;
				INFOPLIST_KEY_UILaunchScreen_Generation = YES;
				INFOPLIST_KEY_UISupportedInterfaceOrientations_iPad = "UIInterfaceOrientationPortrait UIInterfaceOrientationPortraitUpsideDown UIInterfaceOrientationLandscapeLeft UIInterfaceOrientationLandscapeRight";
				INFOPLIST_KEY_UISupportedInterfaceOrientations_iPhone = "UIInterfaceOrientationPortrait UIInterfaceOrientationLandscapeLeft UIInterfaceOrientationLandscapeRight";
				IPHONEOS_DEPLOYMENT_TARGET = 15.0;
				LD_RUNPATH_SEARCH_PATHS = (
					"$(inherited)",
					"@executable_path/Frameworks",
				);
				MARKETING_VERSION = 1.0;
				PRODUCT_BUNDLE_IDENTIFIER = "Revel-idea.playground";
				PRODUCT_NAME = playground;
				SDKROOT = iphoneos;
				SWIFT_EMIT_LOC_STRINGS = YES;
				SWIFT_VERSION = 5.0;
				TARGETED_DEVICE_FAMILY = "1,2";
				VALIDATE_PRODUCT = YES;
			};
			name = Release;
		};
		5CEC479A276369DA00A3B860 /* Debug */ = {
			isa = XCBuildConfiguration;
			buildSettings = {
				ASSETCATALOG_COMPILER_APPICON_NAME = AppIcon;
				ASSETCATALOG_COMPILER_GLOBAL_ACCENT_COLOR_NAME = AccentColor;
				CODE_SIGN_ENTITLEMENTS = macOS/macOS.entitlements;
				CODE_SIGN_STYLE = Automatic;
				COMBINE_HIDPI_IMAGES = YES;
				CURRENT_PROJECT_VERSION = 1;
				ENABLE_PREVIEWS = YES;
				GENERATE_INFOPLIST_FILE = YES;
				INFOPLIST_KEY_NSHumanReadableCopyright = "";
				LD_RUNPATH_SEARCH_PATHS = (
					"$(inherited)",
					"@executable_path/../Frameworks",
				);
				MACOSX_DEPLOYMENT_TARGET = 12.0;
				MARKETING_VERSION = 1.0;
				PRODUCT_BUNDLE_IDENTIFIER = "Revel-idea.playground";
				PRODUCT_NAME = playground;
				SDKROOT = macosx;
				SWIFT_EMIT_LOC_STRINGS = YES;
				SWIFT_VERSION = 5.0;
			};
			name = Debug;
		};
		5CEC479B276369DA00A3B860 /* Release */ = {
			isa = XCBuildConfiguration;
			buildSettings = {
				ASSETCATALOG_COMPILER_APPICON_NAME = AppIcon;
				ASSETCATALOG_COMPILER_GLOBAL_ACCENT_COLOR_NAME = AccentColor;
				CODE_SIGN_ENTITLEMENTS = macOS/macOS.entitlements;
				CODE_SIGN_STYLE = Automatic;
				COMBINE_HIDPI_IMAGES = YES;
				CURRENT_PROJECT_VERSION = 1;
				ENABLE_PREVIEWS = YES;
				GENERATE_INFOPLIST_FILE = YES;
				INFOPLIST_KEY_NSHumanReadableCopyright = "";
				LD_RUNPATH_SEARCH_PATHS = (
					"$(inherited)",
					"@executable_path/../Frameworks",
				);
				MACOSX_DEPLOYMENT_TARGET = 12.0;
				MARKETING_VERSION = 1.0;
				PRODUCT_BUNDLE_IDENTIFIER = "Revel-idea.playground";
				PRODUCT_NAME = playground;
				SDKROOT = macosx;
				SWIFT_EMIT_LOC_STRINGS = YES;
				SWIFT_VERSION = 5.0;
			};
			name = Release;
		};
		5CEC479D276369DA00A3B860 /* Debug */ = {
			isa = XCBuildConfiguration;
			buildSettings = {
				ALWAYS_EMBED_SWIFT_STANDARD_LIBRARIES = YES;
				CODE_SIGN_STYLE = Automatic;
				CURRENT_PROJECT_VERSION = 1;
				GENERATE_INFOPLIST_FILE = YES;
				IPHONEOS_DEPLOYMENT_TARGET = 15.0;
				LD_RUNPATH_SEARCH_PATHS = (
					"$(inherited)",
					"@executable_path/Frameworks",
					"@loader_path/Frameworks",
				);
				MARKETING_VERSION = 1.0;
				PRODUCT_BUNDLE_IDENTIFIER = "Revel-idea.Tests-iOS";
				PRODUCT_NAME = "$(TARGET_NAME)";
				SDKROOT = iphoneos;
				SWIFT_EMIT_LOC_STRINGS = NO;
				SWIFT_VERSION = 5.0;
				TARGETED_DEVICE_FAMILY = "1,2";
				TEST_TARGET_NAME = "playground (iOS)";
			};
			name = Debug;
		};
		5CEC479E276369DA00A3B860 /* Release */ = {
			isa = XCBuildConfiguration;
			buildSettings = {
				ALWAYS_EMBED_SWIFT_STANDARD_LIBRARIES = YES;
				CODE_SIGN_STYLE = Automatic;
				CURRENT_PROJECT_VERSION = 1;
				GENERATE_INFOPLIST_FILE = YES;
				IPHONEOS_DEPLOYMENT_TARGET = 15.0;
				LD_RUNPATH_SEARCH_PATHS = (
					"$(inherited)",
					"@executable_path/Frameworks",
					"@loader_path/Frameworks",
				);
				MARKETING_VERSION = 1.0;
				PRODUCT_BUNDLE_IDENTIFIER = "Revel-idea.Tests-iOS";
				PRODUCT_NAME = "$(TARGET_NAME)";
				SDKROOT = iphoneos;
				SWIFT_EMIT_LOC_STRINGS = NO;
				SWIFT_VERSION = 5.0;
				TARGETED_DEVICE_FAMILY = "1,2";
				TEST_TARGET_NAME = "playground (iOS)";
				VALIDATE_PRODUCT = YES;
			};
			name = Release;
		};
		5CEC47A0276369DA00A3B860 /* Debug */ = {
			isa = XCBuildConfiguration;
			buildSettings = {
				ALWAYS_EMBED_SWIFT_STANDARD_LIBRARIES = YES;
				CODE_SIGN_STYLE = Automatic;
				COMBINE_HIDPI_IMAGES = YES;
				CURRENT_PROJECT_VERSION = 1;
				GENERATE_INFOPLIST_FILE = YES;
				LD_RUNPATH_SEARCH_PATHS = (
					"$(inherited)",
					"@executable_path/../Frameworks",
					"@loader_path/../Frameworks",
				);
				MACOSX_DEPLOYMENT_TARGET = 12.0;
				MARKETING_VERSION = 1.0;
				PRODUCT_BUNDLE_IDENTIFIER = "Revel-idea.Tests-macOS";
				PRODUCT_NAME = "$(TARGET_NAME)";
				SDKROOT = macosx;
				SWIFT_EMIT_LOC_STRINGS = NO;
				SWIFT_VERSION = 5.0;
				TEST_TARGET_NAME = "playground (macOS)";
			};
			name = Debug;
		};
		5CEC47A1276369DA00A3B860 /* Release */ = {
			isa = XCBuildConfiguration;
			buildSettings = {
				ALWAYS_EMBED_SWIFT_STANDARD_LIBRARIES = YES;
				CODE_SIGN_STYLE = Automatic;
				COMBINE_HIDPI_IMAGES = YES;
				CURRENT_PROJECT_VERSION = 1;
				GENERATE_INFOPLIST_FILE = YES;
				LD_RUNPATH_SEARCH_PATHS = (
					"$(inherited)",
					"@executable_path/../Frameworks",
					"@loader_path/../Frameworks",
				);
				MACOSX_DEPLOYMENT_TARGET = 12.0;
				MARKETING_VERSION = 1.0;
				PRODUCT_BUNDLE_IDENTIFIER = "Revel-idea.Tests-macOS";
				PRODUCT_NAME = "$(TARGET_NAME)";
				SDKROOT = macosx;
				SWIFT_EMIT_LOC_STRINGS = NO;
				SWIFT_VERSION = 5.0;
				TEST_TARGET_NAME = "playground (macOS)";
			};
			name = Release;
		};
/* End XCBuildConfiguration section */

/* Begin XCConfigurationList section */
		5CEC4764276369D400A3B860 /* Build configuration list for PBXProject "playground" */ = {
			isa = XCConfigurationList;
			buildConfigurations = (
				5CEC4794276369DA00A3B860 /* Debug */,
				5CEC4795276369DA00A3B860 /* Release */,
			);
			defaultConfigurationIsVisible = 0;
			defaultConfigurationName = Release;
		};
		5CEC4796276369DA00A3B860 /* Build configuration list for PBXNativeTarget "playground (iOS)" */ = {
			isa = XCConfigurationList;
			buildConfigurations = (
				5CEC4797276369DA00A3B860 /* Debug */,
				5CEC4798276369DA00A3B860 /* Release */,
			);
			defaultConfigurationIsVisible = 0;
			defaultConfigurationName = Release;
		};
		5CEC4799276369DA00A3B860 /* Build configuration list for PBXNativeTarget "playground (macOS)" */ = {
			isa = XCConfigurationList;
			buildConfigurations = (
				5CEC479A276369DA00A3B860 /* Debug */,
				5CEC479B276369DA00A3B860 /* Release */,
			);
			defaultConfigurationIsVisible = 0;
			defaultConfigurationName = Release;
		};
		5CEC479C276369DA00A3B860 /* Build configuration list for PBXNativeTarget "Tests iOS" */ = {
			isa = XCConfigurationList;
			buildConfigurations = (
				5CEC479D276369DA00A3B860 /* Debug */,
				5CEC479E276369DA00A3B860 /* Release */,
			);
			defaultConfigurationIsVisible = 0;
			defaultConfigurationName = Release;
		};
		5CEC479F276369DA00A3B860 /* Build configuration list for PBXNativeTarget "Tests macOS" */ = {
			isa = XCConfigurationList;
			buildConfigurations = (
				5CEC47A0276369DA00A3B860 /* Debug */,
				5CEC47A1276369DA00A3B860 /* Release */,
			);
			defaultConfigurationIsVisible = 0;
			defaultConfigurationName = Release;
		};
/* End XCConfigurationList section */
	};
	rootObject = 5CEC4761276369D400A3B860 /* Project object */;
}
